
Microsoft Visual Studio Solution File, Format Version 12.00
# Visual Studio Version 17
VisualStudioVersion = 17.5.002.0
MinimumVisualStudioVersion = 10.0.40219.1
Project("{9A19103F-16F7-4668-BE54-9A1E7A4F7556}") = "pequenalista", "pequenalista\pequenalista.csproj", "{BA3C4AFB-312D-4669-ADE7-02CABFCFA023}"
EndProject
Project("{9A19103F-16F7-4668-BE54-9A1E7A4F7556}") = "prueba", "prueba\prueba.csproj", "{522C1D05-213C-4290-A0B1-E931F5D766D5}"
EndProject
Global
	GlobalSection(SolutionConfigurationPlatforms) = preSolution
		Debug|Any CPU = Debug|Any CPU
		Release|Any CPU = Release|Any CPU
	EndGlobalSection
	GlobalSection(ProjectConfigurationPlatforms) = postSolution
		{BA3C4AFB-312D-4669-ADE7-02CABFCFA023}.Debug|Any CPU.ActiveCfg = Debug|Any CPU
		{BA3C4AFB-312D-4669-ADE7-02CABFCFA023}.Debug|Any CPU.Build.0 = Debug|Any CPU
		{BA3C4AFB-312D-4669-ADE7-02CABFCFA023}.Release|Any CPU.ActiveCfg = Release|Any CPU
		{BA3C4AFB-312D-4669-ADE7-02CABFCFA023}.Release|Any CPU.Build.0 = Release|Any CPU
		{522C1D05-213C-4290-A0B1-E931F5D766D5}.Debug|Any CPU.ActiveCfg = Debug|Any CPU
		{522C1D05-213C-4290-A0B1-E931F5D766D5}.Debug|Any CPU.Build.0 = Debug|Any CPU
		{522C1D05-213C-4290-A0B1-E931F5D766D5}.Release|Any CPU.ActiveCfg = Release|Any CPU
		{522C1D05-213C-4290-A0B1-E931F5D766D5}.Release|Any CPU.Build.0 = Release|Any CPU
	EndGlobalSection
	GlobalSection(SolutionProperties) = preSolution
		HideSolutionNode = FALSE
	EndGlobalSection
	GlobalSection(ExtensibilityGlobals) = postSolution
		SolutionGuid = {A2F25C6C-8FF2-4B1F-9C28-3D07EEEBAD1D}
	EndGlobalSection
EndGlobal
